
Microsoft Visual Studio Solution File, Format Version 12.00
# Visual Studio 15
VisualStudioVersion = 15.0.28307.421
MinimumVisualStudioVersion = 10.0.40219.1
Project("{FAE04EC0-301F-11D3-BF4B-00C04F79EFBC}") = "Windows_Forms", "Windows_Forms\Windows_Forms.csproj", "{BF661D80-2051-42F6-BDEA-41FF3F5976E6}"
EndProject
Project("{FAE04EC0-301F-11D3-BF4B-00C04F79EFBC}") = "Podatkovni_sloj", "Podatkovni_sloj\Podatkovni_sloj.csproj", "{4CC42715-5EED-4936-A1E6-695DA5EA2AFA}"
EndProject
Project("{FAE04EC0-301F-11D3-BF4B-00C04F79EFBC}") = "WpfApp", "WpfApp\WpfApp.csproj", "{322F624C-C81A-49F9-B03C-6E96269DD1B7}"
EndProject
Global
	GlobalSection(SolutionConfigurationPlatforms) = preSolution
		Debug|Any CPU = Debug|Any CPU
		Release|Any CPU = Release|Any CPU
	EndGlobalSection
	GlobalSection(ProjectConfigurationPlatforms) = postSolution
		{BF661D80-2051-42F6-BDEA-41FF3F5976E6}.Debug|Any CPU.ActiveCfg = Debug|Any CPU
		{BF661D80-2051-42F6-BDEA-41FF3F5976E6}.Debug|Any CPU.Build.0 = Debug|Any CPU
		{BF661D80-2051-42F6-BDEA-41FF3F5976E6}.Release|Any CPU.ActiveCfg = Release|Any CPU
		{BF661D80-2051-42F6-BDEA-41FF3F5976E6}.Release|Any CPU.Build.0 = Release|Any CPU
		{4CC42715-5EED-4936-A1E6-695DA5EA2AFA}.Debug|Any CPU.ActiveCfg = Debug|Any CPU
		{4CC42715-5EED-4936-A1E6-695DA5EA2AFA}.Debug|Any CPU.Build.0 = Debug|Any CPU
		{4CC42715-5EED-4936-A1E6-695DA5EA2AFA}.Release|Any CPU.ActiveCfg = Release|Any CPU
		{4CC42715-5EED-4936-A1E6-695DA5EA2AFA}.Release|Any CPU.Build.0 = Release|Any CPU
		{322F624C-C81A-49F9-B03C-6E96269DD1B7}.Debug|Any CPU.ActiveCfg = Debug|Any CPU
		{322F624C-C81A-49F9-B03C-6E96269DD1B7}.Debug|Any CPU.Build.0 = Debug|Any CPU
		{322F624C-C81A-49F9-B03C-6E96269DD1B7}.Release|Any CPU.ActiveCfg = Release|Any CPU
		{322F624C-C81A-49F9-B03C-6E96269DD1B7}.Release|Any CPU.Build.0 = Release|Any CPU
	EndGlobalSection
	GlobalSection(SolutionProperties) = preSolution
		HideSolutionNode = FALSE
	EndGlobalSection
	GlobalSection(ExtensibilityGlobals) = postSolution
		SolutionGuid = {948F5513-5B1B-46E3-9B5E-A19163B2496D}
	EndGlobalSection
EndGlobal
